// !$*UTF8*$!
{
	archiveVersion = 1;
	classes = {
	};
	objectVersion = 46;
	objects = {

/* Begin PBXBuildFile section */
		1F3C6D4D18F0EB38004A5143 /* Gamepad_macosx.c in Sources */ = {isa = PBXBuildFile; fileRef = 1F3C6D4B18F0EB38004A5143 /* Gamepad_macosx.c */; };
		1F3C6D4E18F0EB38004A5143 /* Gamepad_private.h in Headers */ = {isa = PBXBuildFile; fileRef = 1F3C6D4C18F0EB38004A5143 /* Gamepad_private.h */; };
		1F3C6D5018F0EB42004A5143 /* Gamepad.h in Headers */ = {isa = PBXBuildFile; fileRef = 1F3C6D4F18F0EB42004A5143 /* Gamepad.h */; };
		1F52082A18F114B700B41B2E /* Gamepad_private.c in Sources */ = {isa = PBXBuildFile; fileRef = 1F52082918F114B700B41B2E /* Gamepad_private.c */; };
/* End PBXBuildFile section */

/* Begin PBXFileReference section */
		1F3C6D4B18F0EB38004A5143 /* Gamepad_macosx.c */ = {isa = PBXFileReference; fileEncoding = 4; lastKnownFileType = sourcecode.c.c; name = Gamepad_macosx.c; path = ../src/Gamepad_macosx.c; sourceTree = "<group>"; };
		1F3C6D4C18F0EB38004A5143 /* Gamepad_private.h */ = {isa = PBXFileReference; fileEncoding = 4; lastKnownFileType = sourcecode.c.h; name = Gamepad_private.h; path = ../src/Gamepad_private.h; sourceTree = "<group>"; };
		1F3C6D4F18F0EB42004A5143 /* Gamepad.h */ = {isa = PBXFileReference; fileEncoding = 4; lastKnownFileType = sourcecode.c.h; name = Gamepad.h; path = ../include/Gamepad.h; sourceTree = "<group>"; };
		1F52082918F114B700B41B2E /* Gamepad_private.c */ = {isa = PBXFileReference; fileEncoding = 4; lastKnownFileType = sourcecode.c.c; name = Gamepad_private.c; path = ../src/Gamepad_private.c; sourceTree = "<group>"; };
		1FB5B9C518F0E1B7006EFF76 /* libGamepad_d.a */ = {isa = PBXFileReference; explicitFileType = archive.ar; includeInIndex = 0; path = libGamepad_d.a; sourceTree = BUILT_PRODUCTS_DIR; };
/* End PBXFileReference section */

/* Begin PBXFrameworksBuildPhase section */
		1FB5B9C218F0E1B7006EFF76 /* Frameworks */ = {
			isa = PBXFrameworksBuildPhase;
			buildActionMask = 2147483647;
			files = (
			);
			runOnlyForDeploymentPostprocessing = 0;
		};
/* End PBXFrameworksBuildPhase section */

/* Begin PBXGroup section */
		1FB5B9BC18F0E1B7006EFF76 = {
			isa = PBXGroup;
			children = (
				1F52082918F114B700B41B2E /* Gamepad_private.c */,
				1F3C6D4F18F0EB42004A5143 /* Gamepad.h */,
				1F3C6D4B18F0EB38004A5143 /* Gamepad_macosx.c */,
				1F3C6D4C18F0EB38004A5143 /* Gamepad_private.h */,
				1FB5B9C618F0E1B7006EFF76 /* Products */,
			);
			sourceTree = "<group>";
		};
		1FB5B9C618F0E1B7006EFF76 /* Products */ = {
			isa = PBXGroup;
			children = (
				1FB5B9C518F0E1B7006EFF76 /* libGamepad_d.a */,
			);
			name = Products;
			sourceTree = "<group>";
		};
/* End PBXGroup section */

/* Begin PBXHeadersBuildPhase section */
		1FB5B9C318F0E1B7006EFF76 /* Headers */ = {
			isa = PBXHeadersBuildPhase;
			buildActionMask = 2147483647;
			files = (
				1F3C6D5018F0EB42004A5143 /* Gamepad.h in Headers */,
				1F3C6D4E18F0EB38004A5143 /* Gamepad_private.h in Headers */,
			);
			runOnlyForDeploymentPostprocessing = 0;
		};
/* End PBXHeadersBuildPhase section */

/* Begin PBXNativeTarget section */
		1FB5B9C418F0E1B7006EFF76 /* Gamepad */ = {
			isa = PBXNativeTarget;
			buildConfigurationList = 1FB5B9C918F0E1B7006EFF76 /* Build configuration list for PBXNativeTarget "Gamepad" */;
			buildPhases = (
				1FB5B9C118F0E1B7006EFF76 /* Sources */,
				1FB5B9C218F0E1B7006EFF76 /* Frameworks */,
				1FB5B9C318F0E1B7006EFF76 /* Headers */,
			);
			buildRules = (
			);
			dependencies = (
			);
			name = Gamepad;
			productName = Gamepad;
			productReference = 1FB5B9C518F0E1B7006EFF76 /* libGamepad_d.a */;
			productType = "com.apple.product-type.library.static";
		};
/* End PBXNativeTarget section */

/* Begin PBXProject section */
		1FB5B9BD18F0E1B7006EFF76 /* Project object */ = {
			isa = PBXProject;
			attributes = {
				LastUpgradeCheck = 0510;
				ORGANIZATIONNAME = Halogenica;
			};
			buildConfigurationList = 1FB5B9C018F0E1B7006EFF76 /* Build configuration list for PBXProject "Gamepad" */;
			compatibilityVersion = "Xcode 3.2";
			developmentRegion = English;
			hasScannedForEncodings = 0;
			knownRegions = (
				en,
			);
			mainGroup = 1FB5B9BC18F0E1B7006EFF76;
			productRefGroup = 1FB5B9C618F0E1B7006EFF76 /* Products */;
			projectDirPath = "";
			projectRoot = "";
			targets = (
				1FB5B9C418F0E1B7006EFF76 /* Gamepad */,
			);
		};
/* End PBXProject section */

/* Begin PBXSourcesBuildPhase section */
		1FB5B9C118F0E1B7006EFF76 /* Sources */ = {
			isa = PBXSourcesBuildPhase;
			buildActionMask = 2147483647;
			files = (
				1F3C6D4D18F0EB38004A5143 /* Gamepad_macosx.c in Sources */,
				1F52082A18F114B700B41B2E /* Gamepad_private.c in Sources */,
			);
			runOnlyForDeploymentPostprocessing = 0;
		};
/* End PBXSourcesBuildPhase section */

/* Begin XCBuildConfiguration section */
		1FB5B9C718F0E1B7006EFF76 /* Debug */ = {
			isa = XCBuildConfiguration;
			buildSettings = {
				ALWAYS_SEARCH_USER_PATHS = NO;
				ARCHS = "$(ARCHS_STANDARD_32_64_BIT)";
				CLANG_CXX_LANGUAGE_STANDARD = "gnu++0x";
				CLANG_CXX_LIBRARY = "libc++";
				CLANG_ENABLE_MODULES = YES;
				CLANG_ENABLE_OBJC_ARC = YES;
				CLANG_WARN_BOOL_CONVERSION = YES;
				CLANG_WARN_CONSTANT_CONVERSION = YES;
				CLANG_WARN_DIRECT_OBJC_ISA_USAGE = YES_ERROR;
				CLANG_WARN_EMPTY_BODY = YES;
				CLANG_WARN_ENUM_CONVERSION = YES;
				CLANG_WARN_INT_CONVERSION = YES;
				CLANG_WARN_OBJC_ROOT_CLASS = YES_ERROR;
				CLANG_WARN__DUPLICATE_METHOD_MATCH = YES;
				COPY_PHASE_STRIP = NO;
				GCC_C_LANGUAGE_STANDARD = gnu99;
				GCC_DYNAMIC_NO_PIC = NO;
				GCC_ENABLE_OBJC_EXCEPTIONS = YES;
				GCC_OPTIMIZATION_LEVEL = 0;
				GCC_PREPROCESSOR_DEFINITIONS = (
					"DEBUG=1",
					"$(inherited)",
				);
				GCC_SYMBOLS_PRIVATE_EXTERN = NO;
				GCC_WARN_64_TO_32_BIT_CONVERSION = YES;
				GCC_WARN_ABOUT_RETURN_TYPE = YES_ERROR;
				GCC_WARN_UNDECLARED_SELECTOR = YES;
				GCC_WARN_UNINITIALIZED_AUTOS = YES_AGGRESSIVE;
				GCC_WARN_UNUSED_FUNCTION = YES;
				GCC_WARN_UNUSED_VARIABLE = YES;
				MACOSX_DEPLOYMENT_TARGET = 10.8;
				ONLY_ACTIVE_ARCH = YES;
				SDKROOT = macosx;
			};
			name = Debug;
		};
		1FB5B9C818F0E1B7006EFF76 /* Release */ = {
			isa = XCBuildConfiguration;
			buildSettings = {
				ALWAYS_SEARCH_USER_PATHS = NO;
				ARCHS = "$(ARCHS_STANDARD_32_64_BIT)";
				CLANG_CXX_LANGUAGE_STANDARD = "gnu++0x";
				CLANG_CXX_LIBRARY = "libc++";
				CLANG_ENABLE_MODULES = YES;
				CLANG_ENABLE_OBJC_ARC = YES;
				CLANG_WARN_BOOL_CONVERSION = YES;
				CLANG_WARN_CONSTANT_CONVERSION = YES;
				CLANG_WARN_DIRECT_OBJC_ISA_USAGE = YES_ERROR;
				CLANG_WARN_EMPTY_BODY = YES;
				CLANG_WARN_ENUM_CONVERSION = YES;
				CLANG_WARN_INT_CONVERSION = YES;
				CLANG_WARN_OBJC_ROOT_CLASS = YES_ERROR;
				CLANG_WARN__DUPLICATE_METHOD_MATCH = YES;
				COPY_PHASE_STRIP = YES;
				DEBUG_INFORMATION_FORMAT = "dwarf-with-dsym";
				ENABLE_NS_ASSERTIONS = NO;
				GCC_C_LANGUAGE_STANDARD = gnu99;
				GCC_ENABLE_OBJC_EXCEPTIONS = YES;
				GCC_WARN_64_TO_32_BIT_CONVERSION = YES;
				GCC_WARN_ABOUT_RETURN_TYPE = YES_ERROR;
				GCC_WARN_UNDECLARED_SELECTOR = YES;
				GCC_WARN_UNINITIALIZED_AUTOS = YES_AGGRESSIVE;
				GCC_WARN_UNUSED_FUNCTION = YES;
				GCC_WARN_UNUSED_VARIABLE = YES;
				MACOSX_DEPLOYMENT_TARGET = 10.8;
				SDKROOT = macosx;
			};
			name = Release;
		};
		1FB5B9CA18F0E1B7006EFF76 /* Debug */ = {
			isa = XCBuildConfiguration;
			buildSettings = {
				ARCHS = "$(ARCHS_STANDARD_32_64_BIT)";
				EXECUTABLE_PREFIX = lib;
				MACOSX_DEPLOYMENT_TARGET = 10.7;
				ONLY_ACTIVE_ARCH = NO;
				PRODUCT_NAME = "$(TARGET_NAME)_d";
			};
			name = Debug;
		};
		1FB5B9CB18F0E1B7006EFF76 /* Release */ = {
			isa = XCBuildConfiguration;
			buildSettings = {
				ARCHS = "$(ARCHS_STANDARD_32_64_BIT)";
				EXECUTABLE_PREFIX = lib;
				MACOSX_DEPLOYMENT_TARGET = 10.7;
				ONLY_ACTIVE_ARCH = NO;
				PRODUCT_NAME = "$(TARGET_NAME)";
			};
			name = Release;
		};
/* End XCBuildConfiguration section */

/* Begin XCConfigurationList section */
		1FB5B9C018F0E1B7006EFF76 /* Build configuration list for PBXProject "Gamepad" */ = {
			isa = XCConfigurationList;
			buildConfigurations = (
				1FB5B9C718F0E1B7006EFF76 /* Debug */,
				1FB5B9C818F0E1B7006EFF76 /* Release */,
			);
			defaultConfigurationIsVisible = 0;
			defaultConfigurationName = Release;
		};
		1FB5B9C918F0E1B7006EFF76 /* Build configuration list for PBXNativeTarget "Gamepad" */ = {
			isa = XCConfigurationList;
			buildConfigurations = (
				1FB5B9CA18F0E1B7006EFF76 /* Debug */,
				1FB5B9CB18F0E1B7006EFF76 /* Release */,
			);
			defaultConfigurationIsVisible = 0;
			defaultConfigurationName = Release;
		};
/* End XCConfigurationList section */
	};
	rootObject = 1FB5B9BD18F0E1B7006EFF76 /* Project object */;
}
